// !$*UTF8*$!
{
	archiveVersion = 1;
	classes = {
	};
	objectVersion = 50;
	objects = {

/* Begin PBXBuildFile section */
		C4D1E1D62635A8590031AEFD /* AppDelegate.swift in Sources */ = {isa = PBXBuildFile; fileRef = C4D1E1D52635A8590031AEFD /* AppDelegate.swift */; };
		C4D1E1D82635A8590031AEFD /* SceneDelegate.swift in Sources */ = {isa = PBXBuildFile; fileRef = C4D1E1D72635A8590031AEFD /* SceneDelegate.swift */; };
		C4D1E1DA2635A8590031AEFD /* ViewController.swift in Sources */ = {isa = PBXBuildFile; fileRef = C4D1E1D92635A8590031AEFD /* ViewController.swift */; };
		C4D1E1DD2635A8590031AEFD /* Main.storyboard in Resources */ = {isa = PBXBuildFile; fileRef = C4D1E1DB2635A8590031AEFD /* Main.storyboard */; };
		C4D1E1E02635A8590031AEFD /* LocationsAndNotes.xcdatamodeld in Sources */ = {isa = PBXBuildFile; fileRef = C4D1E1DE2635A8590031AEFD /* LocationsAndNotes.xcdatamodeld */; };
		C4D1E1E22635A85B0031AEFD /* Assets.xcassets in Resources */ = {isa = PBXBuildFile; fileRef = C4D1E1E12635A85B0031AEFD /* Assets.xcassets */; };
		C4D1E1E52635A85B0031AEFD /* LaunchScreen.storyboard in Resources */ = {isa = PBXBuildFile; fileRef = C4D1E1E32635A85B0031AEFD /* LaunchScreen.storyboard */; };
		C4D1E1F02635A85C0031AEFD /* LocationsAndNotesTests.swift in Sources */ = {isa = PBXBuildFile; fileRef = C4D1E1EF2635A85C0031AEFD /* LocationsAndNotesTests.swift */; };
		C4D1E1FB2635A85C0031AEFD /* LocationsAndNotesUITests.swift in Sources */ = {isa = PBXBuildFile; fileRef = C4D1E1FA2635A85C0031AEFD /* LocationsAndNotesUITests.swift */; };
/* End PBXBuildFile section */

/* Begin PBXContainerItemProxy section */
		C4D1E1EC2635A85C0031AEFD /* PBXContainerItemProxy */ = {
			isa = PBXContainerItemProxy;
			containerPortal = C4D1E1CA2635A8580031AEFD /* Project object */;
			proxyType = 1;
			remoteGlobalIDString = C4D1E1D12635A8590031AEFD;
			remoteInfo = LocationsAndNotes;
		};
		C4D1E1F72635A85C0031AEFD /* PBXContainerItemProxy */ = {
			isa = PBXContainerItemProxy;
			containerPortal = C4D1E1CA2635A8580031AEFD /* Project object */;
			proxyType = 1;
			remoteGlobalIDString = C4D1E1D12635A8590031AEFD;
			remoteInfo = LocationsAndNotes;
		};
/* End PBXContainerItemProxy section */

/* Begin PBXFileReference section */
		C4D1E1D22635A8590031AEFD /* LocationsAndNotes.app */ = {isa = PBXFileReference; explicitFileType = wrapper.application; includeInIndex = 0; path = LocationsAndNotes.app; sourceTree = BUILT_PRODUCTS_DIR; };
		C4D1E1D52635A8590031AEFD /* AppDelegate.swift */ = {isa = PBXFileReference; lastKnownFileType = sourcecode.swift; path = AppDelegate.swift; sourceTree = "<group>"; };
		C4D1E1D72635A8590031AEFD /* SceneDelegate.swift */ = {isa = PBXFileReference; lastKnownFileType = sourcecode.swift; path = SceneDelegate.swift; sourceTree = "<group>"; };
		C4D1E1D92635A8590031AEFD /* ViewController.swift */ = {isa = PBXFileReference; lastKnownFileType = sourcecode.swift; path = ViewController.swift; sourceTree = "<group>"; };
		C4D1E1DC2635A8590031AEFD /* Base */ = {isa = PBXFileReference; lastKnownFileType = file.storyboard; name = Base; path = Base.lproj/Main.storyboard; sourceTree = "<group>"; };
		C4D1E1DF2635A8590031AEFD /* LocationsAndNotes.xcdatamodel */ = {isa = PBXFileReference; lastKnownFileType = wrapper.xcdatamodel; path = LocationsAndNotes.xcdatamodel; sourceTree = "<group>"; };
		C4D1E1E12635A85B0031AEFD /* Assets.xcassets */ = {isa = PBXFileReference; lastKnownFileType = folder.assetcatalog; path = Assets.xcassets; sourceTree = "<group>"; };
		C4D1E1E42635A85B0031AEFD /* Base */ = {isa = PBXFileReference; lastKnownFileType = file.storyboard; name = Base; path = Base.lproj/LaunchScreen.storyboard; sourceTree = "<group>"; };
		C4D1E1E62635A85B0031AEFD /* Info.plist */ = {isa = PBXFileReference; lastKnownFileType = text.plist.xml; path = Info.plist; sourceTree = "<group>"; };
		C4D1E1EB2635A85C0031AEFD /* LocationsAndNotesTests.xctest */ = {isa = PBXFileReference; explicitFileType = wrapper.cfbundle; includeInIndex = 0; path = LocationsAndNotesTests.xctest; sourceTree = BUILT_PRODUCTS_DIR; };
		C4D1E1EF2635A85C0031AEFD /* LocationsAndNotesTests.swift */ = {isa = PBXFileReference; lastKnownFileType = sourcecode.swift; path = LocationsAndNotesTests.swift; sourceTree = "<group>"; };
		C4D1E1F12635A85C0031AEFD /* Info.plist */ = {isa = PBXFileReference; lastKnownFileType = text.plist.xml; path = Info.plist; sourceTree = "<group>"; };
		C4D1E1F62635A85C0031AEFD /* LocationsAndNotesUITests.xctest */ = {isa = PBXFileReference; explicitFileType = wrapper.cfbundle; includeInIndex = 0; path = LocationsAndNotesUITests.xctest; sourceTree = BUILT_PRODUCTS_DIR; };
		C4D1E1FA2635A85C0031AEFD /* LocationsAndNotesUITests.swift */ = {isa = PBXFileReference; lastKnownFileType = sourcecode.swift; path = LocationsAndNotesUITests.swift; sourceTree = "<group>"; };
		C4D1E1FC2635A85C0031AEFD /* Info.plist */ = {isa = PBXFileReference; lastKnownFileType = text.plist.xml; path = Info.plist; sourceTree = "<group>"; };
/* End PBXFileReference section */

/* Begin PBXFrameworksBuildPhase section */
		C4D1E1CF2635A8590031AEFD /* Frameworks */ = {
			isa = PBXFrameworksBuildPhase;
			buildActionMask = 2147483647;
			files = (
			);
			runOnlyForDeploymentPostprocessing = 0;
		};
		C4D1E1E82635A85C0031AEFD /* Frameworks */ = {
			isa = PBXFrameworksBuildPhase;
			buildActionMask = 2147483647;
			files = (
			);
			runOnlyForDeploymentPostprocessing = 0;
		};
		C4D1E1F32635A85C0031AEFD /* Frameworks */ = {
			isa = PBXFrameworksBuildPhase;
			buildActionMask = 2147483647;
			files = (
			);
			runOnlyForDeploymentPostprocessing = 0;
		};
/* End PBXFrameworksBuildPhase section */

/* Begin PBXGroup section */
		C4D1E1C92635A8580031AEFD = {
			isa = PBXGroup;
			children = (
				C4D1E1D42635A8590031AEFD /* LocationsAndNotes */,
				C4D1E1EE2635A85C0031AEFD /* LocationsAndNotesTests */,
				C4D1E1F92635A85C0031AEFD /* LocationsAndNotesUITests */,
				C4D1E1D32635A8590031AEFD /* Products */,
			);
			sourceTree = "<group>";
		};
		C4D1E1D32635A8590031AEFD /* Products */ = {
			isa = PBXGroup;
			children = (
				C4D1E1D22635A8590031AEFD /* LocationsAndNotes.app */,
				C4D1E1EB2635A85C0031AEFD /* LocationsAndNotesTests.xctest */,
				C4D1E1F62635A85C0031AEFD /* LocationsAndNotesUITests.xctest */,
			);
			name = Products;
			sourceTree = "<group>";
		};
		C4D1E1D42635A8590031AEFD /* LocationsAndNotes */ = {
			isa = PBXGroup;
			children = (
				C4D1E1D52635A8590031AEFD /* AppDelegate.swift */,
				C4D1E1D72635A8590031AEFD /* SceneDelegate.swift */,
				C4D1E1D92635A8590031AEFD /* ViewController.swift */,
				C4D1E1DB2635A8590031AEFD /* Main.storyboard */,
				C4D1E1E12635A85B0031AEFD /* Assets.xcassets */,
				C4D1E1E32635A85B0031AEFD /* LaunchScreen.storyboard */,
				C4D1E1E62635A85B0031AEFD /* Info.plist */,
				C4D1E1DE2635A8590031AEFD /* LocationsAndNotes.xcdatamodeld */,
			);
			path = LocationsAndNotes;
			sourceTree = "<group>";
		};
		C4D1E1EE2635A85C0031AEFD /* LocationsAndNotesTests */ = {
			isa = PBXGroup;
			children = (
				C4D1E1EF2635A85C0031AEFD /* LocationsAndNotesTests.swift */,
				C4D1E1F12635A85C0031AEFD /* Info.plist */,
			);
			path = LocationsAndNotesTests;
			sourceTree = "<group>";
		};
		C4D1E1F92635A85C0031AEFD /* LocationsAndNotesUITests */ = {
			isa = PBXGroup;
			children = (
				C4D1E1FA2635A85C0031AEFD /* LocationsAndNotesUITests.swift */,
				C4D1E1FC2635A85C0031AEFD /* Info.plist */,
			);
			path = LocationsAndNotesUITests;
			sourceTree = "<group>";
		};
/* End PBXGroup section */

/* Begin PBXNativeTarget section */
		C4D1E1D12635A8590031AEFD /* LocationsAndNotes */ = {
			isa = PBXNativeTarget;
			buildConfigurationList = C4D1E1FF2635A85C0031AEFD /* Build configuration list for PBXNativeTarget "LocationsAndNotes" */;
			buildPhases = (
				C4D1E1CE2635A8590031AEFD /* Sources */,
				C4D1E1CF2635A8590031AEFD /* Frameworks */,
				C4D1E1D02635A8590031AEFD /* Resources */,
			);
			buildRules = (
			);
			dependencies = (
			);
			name = LocationsAndNotes;
			productName = LocationsAndNotes;
			productReference = C4D1E1D22635A8590031AEFD /* LocationsAndNotes.app */;
			productType = "com.apple.product-type.application";
		};
		C4D1E1EA2635A85C0031AEFD /* LocationsAndNotesTests */ = {
			isa = PBXNativeTarget;
			buildConfigurationList = C4D1E2022635A85C0031AEFD /* Build configuration list for PBXNativeTarget "LocationsAndNotesTests" */;
			buildPhases = (
				C4D1E1E72635A85C0031AEFD /* Sources */,
				C4D1E1E82635A85C0031AEFD /* Frameworks */,
				C4D1E1E92635A85C0031AEFD /* Resources */,
			);
			buildRules = (
			);
			dependencies = (
				C4D1E1ED2635A85C0031AEFD /* PBXTargetDependency */,
			);
			name = LocationsAndNotesTests;
			productName = LocationsAndNotesTests;
			productReference = C4D1E1EB2635A85C0031AEFD /* LocationsAndNotesTests.xctest */;
			productType = "com.apple.product-type.bundle.unit-test";
		};
		C4D1E1F52635A85C0031AEFD /* LocationsAndNotesUITests */ = {
			isa = PBXNativeTarget;
			buildConfigurationList = C4D1E2052635A85C0031AEFD /* Build configuration list for PBXNativeTarget "LocationsAndNotesUITests" */;
			buildPhases = (
				C4D1E1F22635A85C0031AEFD /* Sources */,
				C4D1E1F32635A85C0031AEFD /* Frameworks */,
				C4D1E1F42635A85C0031AEFD /* Resources */,
			);
			buildRules = (
			);
			dependencies = (
				C4D1E1F82635A85C0031AEFD /* PBXTargetDependency */,
			);
			name = LocationsAndNotesUITests;
			productName = LocationsAndNotesUITests;
			productReference = C4D1E1F62635A85C0031AEFD /* LocationsAndNotesUITests.xctest */;
			productType = "com.apple.product-type.bundle.ui-testing";
		};
/* End PBXNativeTarget section */

/* Begin PBXProject section */
		C4D1E1CA2635A8580031AEFD /* Project object */ = {
			isa = PBXProject;
			attributes = {
				LastSwiftUpdateCheck = 1240;
				LastUpgradeCheck = 1240;
				TargetAttributes = {
					C4D1E1D12635A8590031AEFD = {
						CreatedOnToolsVersion = 12.4;
					};
					C4D1E1EA2635A85C0031AEFD = {
						CreatedOnToolsVersion = 12.4;
						TestTargetID = C4D1E1D12635A8590031AEFD;
					};
					C4D1E1F52635A85C0031AEFD = {
						CreatedOnToolsVersion = 12.4;
						TestTargetID = C4D1E1D12635A8590031AEFD;
					};
				};
			};
			buildConfigurationList = C4D1E1CD2635A8580031AEFD /* Build configuration list for PBXProject "LocationsAndNotes" */;
			compatibilityVersion = "Xcode 9.3";
			developmentRegion = en;
			hasScannedForEncodings = 0;
			knownRegions = (
				en,
				Base,
			);
			mainGroup = C4D1E1C92635A8580031AEFD;
			productRefGroup = C4D1E1D32635A8590031AEFD /* Products */;
			projectDirPath = "";
			projectRoot = "";
			targets = (
				C4D1E1D12635A8590031AEFD /* LocationsAndNotes */,
				C4D1E1EA2635A85C0031AEFD /* LocationsAndNotesTests */,
				C4D1E1F52635A85C0031AEFD /* LocationsAndNotesUITests */,
			);
		};
/* End PBXProject section */

/* Begin PBXResourcesBuildPhase section */
		C4D1E1D02635A8590031AEFD /* Resources */ = {
			isa = PBXResourcesBuildPhase;
			buildActionMask = 2147483647;
			files = (
				C4D1E1E52635A85B0031AEFD /* LaunchScreen.storyboard in Resources */,
				C4D1E1E22635A85B0031AEFD /* Assets.xcassets in Resources */,
				C4D1E1DD2635A8590031AEFD /* Main.storyboard in Resources */,
			);
			runOnlyForDeploymentPostprocessing = 0;
		};
		C4D1E1E92635A85C0031AEFD /* Resources */ = {
			isa = PBXResourcesBuildPhase;
			buildActionMask = 2147483647;
			files = (
			);
			runOnlyForDeploymentPostprocessing = 0;
		};
		C4D1E1F42635A85C0031AEFD /* Resources */ = {
			isa = PBXResourcesBuildPhase;
			buildActionMask = 2147483647;
			files = (
			);
			runOnlyForDeploymentPostprocessing = 0;
		};
/* End PBXResourcesBuildPhase section */

/* Begin PBXSourcesBuildPhase section */
		C4D1E1CE2635A8590031AEFD /* Sources */ = {
			isa = PBXSourcesBuildPhase;
			buildActionMask = 2147483647;
			files = (
				C4D1E1DA2635A8590031AEFD /* ViewController.swift in Sources */,
				C4D1E1D62635A8590031AEFD /* AppDelegate.swift in Sources */,
				C4D1E1E02635A8590031AEFD /* LocationsAndNotes.xcdatamodeld in Sources */,
				C4D1E1D82635A8590031AEFD /* SceneDelegate.swift in Sources */,
			);
			runOnlyForDeploymentPostprocessing = 0;
		};
		C4D1E1E72635A85C0031AEFD /* Sources */ = {
			isa = PBXSourcesBuildPhase;
			buildActionMask = 2147483647;
			files = (
				C4D1E1F02635A85C0031AEFD /* LocationsAndNotesTests.swift in Sources */,
			);
			runOnlyForDeploymentPostprocessing = 0;
		};
		C4D1E1F22635A85C0031AEFD /* Sources */ = {
			isa = PBXSourcesBuildPhase;
			buildActionMask = 2147483647;
			files = (
				C4D1E1FB2635A85C0031AEFD /* LocationsAndNotesUITests.swift in Sources */,
			);
			runOnlyForDeploymentPostprocessing = 0;
		};
/* End PBXSourcesBuildPhase section */

/* Begin PBXTargetDependency section */
		C4D1E1ED2635A85C0031AEFD /* PBXTargetDependency */ = {
			isa = PBXTargetDependency;
			target = C4D1E1D12635A8590031AEFD /* LocationsAndNotes */;
			targetProxy = C4D1E1EC2635A85C0031AEFD /* PBXContainerItemProxy */;
		};
		C4D1E1F82635A85C0031AEFD /* PBXTargetDependency */ = {
			isa = PBXTargetDependency;
			target = C4D1E1D12635A8590031AEFD /* LocationsAndNotes */;
			targetProxy = C4D1E1F72635A85C0031AEFD /* PBXContainerItemProxy */;
		};
/* End PBXTargetDependency section */

/* Begin PBXVariantGroup section */
		C4D1E1DB2635A8590031AEFD /* Main.storyboard */ = {
			isa = PBXVariantGroup;
			children = (
				C4D1E1DC2635A8590031AEFD /* Base */,
			);
			name = Main.storyboard;
			sourceTree = "<group>";
		};
		C4D1E1E32635A85B0031AEFD /* LaunchScreen.storyboard */ = {
			isa = PBXVariantGroup;
			children = (
				C4D1E1E42635A85B0031AEFD /* Base */,
			);
			name = LaunchScreen.storyboard;
			sourceTree = "<group>";
		};
/* End PBXVariantGroup section */

/* Begin XCBuildConfiguration section */
		C4D1E1FD2635A85C0031AEFD /* Debug */ = {
			isa = XCBuildConfiguration;
			buildSettings = {
				ALWAYS_SEARCH_USER_PATHS = NO;
				CLANG_ANALYZER_NONNULL = YES;
				CLANG_ANALYZER_NUMBER_OBJECT_CONVERSION = YES_AGGRESSIVE;
				CLANG_CXX_LANGUAGE_STANDARD = "gnu++14";
				CLANG_CXX_LIBRARY = "libc++";
				CLANG_ENABLE_MODULES = YES;
				CLANG_ENABLE_OBJC_ARC = YES;
				CLANG_ENABLE_OBJC_WEAK = YES;
				CLANG_WARN_BLOCK_CAPTURE_AUTORELEASING = YES;
				CLANG_WARN_BOOL_CONVERSION = YES;
				CLANG_WARN_COMMA = YES;
				CLANG_WARN_CONSTANT_CONVERSION = YES;
				CLANG_WARN_DEPRECATED_OBJC_IMPLEMENTATIONS = YES;
				CLANG_WARN_DIRECT_OBJC_ISA_USAGE = YES_ERROR;
				CLANG_WARN_DOCUMENTATION_COMMENTS = YES;
				CLANG_WARN_EMPTY_BODY = YES;
				CLANG_WARN_ENUM_CONVERSION = YES;
				CLANG_WARN_INFINITE_RECURSION = YES;
				CLANG_WARN_INT_CONVERSION = YES;
				CLANG_WARN_NON_LITERAL_NULL_CONVERSION = YES;
				CLANG_WARN_OBJC_IMPLICIT_RETAIN_SELF = YES;
				CLANG_WARN_OBJC_LITERAL_CONVERSION = YES;
				CLANG_WARN_OBJC_ROOT_CLASS = YES_ERROR;
				CLANG_WARN_QUOTED_INCLUDE_IN_FRAMEWORK_HEADER = YES;
				CLANG_WARN_RANGE_LOOP_ANALYSIS = YES;
				CLANG_WARN_STRICT_PROTOTYPES = YES;
				CLANG_WARN_SUSPICIOUS_MOVE = YES;
				CLANG_WARN_UNGUARDED_AVAILABILITY = YES_AGGRESSIVE;
				CLANG_WARN_UNREACHABLE_CODE = YES;
				CLANG_WARN__DUPLICATE_METHOD_MATCH = YES;
				COPY_PHASE_STRIP = NO;
				DEBUG_INFORMATION_FORMAT = dwarf;
				ENABLE_STRICT_OBJC_MSGSEND = YES;
				ENABLE_TESTABILITY = YES;
				GCC_C_LANGUAGE_STANDARD = gnu11;
				GCC_DYNAMIC_NO_PIC = NO;
				GCC_NO_COMMON_BLOCKS = YES;
				GCC_OPTIMIZATION_LEVEL = 0;
				GCC_PREPROCESSOR_DEFINITIONS = (
					"DEBUG=1",
					"$(inherited)",
				);
				GCC_WARN_64_TO_32_BIT_CONVERSION = YES;
				GCC_WARN_ABOUT_RETURN_TYPE = YES_ERROR;
				GCC_WARN_UNDECLARED_SELECTOR = YES;
				GCC_WARN_UNINITIALIZED_AUTOS = YES_AGGRESSIVE;
				GCC_WARN_UNUSED_FUNCTION = YES;
				GCC_WARN_UNUSED_VARIABLE = YES;
				IPHONEOS_DEPLOYMENT_TARGET = 14.4;
				MTL_ENABLE_DEBUG_INFO = INCLUDE_SOURCE;
				MTL_FAST_MATH = YES;
				ONLY_ACTIVE_ARCH = YES;
				SDKROOT = iphoneos;
				SWIFT_ACTIVE_COMPILATION_CONDITIONS = DEBUG;
				SWIFT_OPTIMIZATION_LEVEL = "-Onone";
			};
			name = Debug;
		};
		C4D1E1FE2635A85C0031AEFD /* Release */ = {
			isa = XCBuildConfiguration;
			buildSettings = {
				ALWAYS_SEARCH_USER_PATHS = NO;
				CLANG_ANALYZER_NONNULL = YES;
				CLANG_ANALYZER_NUMBER_OBJECT_CONVERSION = YES_AGGRESSIVE;
				CLANG_CXX_LANGUAGE_STANDARD = "gnu++14";
				CLANG_CXX_LIBRARY = "libc++";
				CLANG_ENABLE_MODULES = YES;
				CLANG_ENABLE_OBJC_ARC = YES;
				CLANG_ENABLE_OBJC_WEAK = YES;
				CLANG_WARN_BLOCK_CAPTURE_AUTORELEASING = YES;
				CLANG_WARN_BOOL_CONVERSION = YES;
				CLANG_WARN_COMMA = YES;
				CLANG_WARN_CONSTANT_CONVERSION = YES;
				CLANG_WARN_DEPRECATED_OBJC_IMPLEMENTATIONS = YES;
				CLANG_WARN_DIRECT_OBJC_ISA_USAGE = YES_ERROR;
				CLANG_WARN_DOCUMENTATION_COMMENTS = YES;
				CLANG_WARN_EMPTY_BODY = YES;
				CLANG_WARN_ENUM_CONVERSION = YES;
				CLANG_WARN_INFINITE_RECURSION = YES;
				CLANG_WARN_INT_CONVERSION = YES;
				CLANG_WARN_NON_LITERAL_NULL_CONVERSION = YES;
				CLANG_WARN_OBJC_IMPLICIT_RETAIN_SELF = YES;
				CLANG_WARN_OBJC_LITERAL_CONVERSION = YES;
				CLANG_WARN_OBJC_ROOT_CLASS = YES_ERROR;
				CLANG_WARN_QUOTED_INCLUDE_IN_FRAMEWORK_HEADER = YES;
				CLANG_WARN_RANGE_LOOP_ANALYSIS = YES;
				CLANG_WARN_STRICT_PROTOTYPES = YES;
				CLANG_WARN_SUSPICIOUS_MOVE = YES;
				CLANG_WARN_UNGUARDED_AVAILABILITY = YES_AGGRESSIVE;
				CLANG_WARN_UNREACHABLE_CODE = YES;
				CLANG_WARN__DUPLICATE_METHOD_MATCH = YES;
				COPY_PHASE_STRIP = NO;
				DEBUG_INFORMATION_FORMAT = "dwarf-with-dsym";
				ENABLE_NS_ASSERTIONS = NO;
				ENABLE_STRICT_OBJC_MSGSEND = YES;
				GCC_C_LANGUAGE_STANDARD = gnu11;
				GCC_NO_COMMON_BLOCKS = YES;
				GCC_WARN_64_TO_32_BIT_CONVERSION = YES;
				GCC_WARN_ABOUT_RETURN_TYPE = YES_ERROR;
				GCC_WARN_UNDECLARED_SELECTOR = YES;
				GCC_WARN_UNINITIALIZED_AUTOS = YES_AGGRESSIVE;
				GCC_WARN_UNUSED_FUNCTION = YES;
				GCC_WARN_UNUSED_VARIABLE = YES;
				IPHONEOS_DEPLOYMENT_TARGET = 14.4;
				MTL_ENABLE_DEBUG_INFO = NO;
				MTL_FAST_MATH = YES;
				SDKROOT = iphoneos;
				SWIFT_COMPILATION_MODE = wholemodule;
				SWIFT_OPTIMIZATION_LEVEL = "-O";
				VALIDATE_PRODUCT = YES;
			};
			name = Release;
		};
		C4D1E2002635A85C0031AEFD /* Debug */ = {
			isa = XCBuildConfiguration;
			buildSettings = {
				ASSETCATALOG_COMPILER_APPICON_NAME = AppIcon;
				ASSETCATALOG_COMPILER_GLOBAL_ACCENT_COLOR_NAME = AccentColor;
				CODE_SIGN_STYLE = Automatic;
				INFOPLIST_FILE = LocationsAndNotes/Info.plist;
				LD_RUNPATH_SEARCH_PATHS = (
					"$(inherited)",
					"@executable_path/Frameworks",
				);
				PRODUCT_BUNDLE_IDENTIFIER = my.LocationsAndNotes;
				PRODUCT_NAME = "$(TARGET_NAME)";
				SWIFT_VERSION = 5.0;
				TARGETED_DEVICE_FAMILY = "1,2";
			};
			name = Debug;
		};
		C4D1E2012635A85C0031AEFD /* Release */ = {
			isa = XCBuildConfiguration;
			buildSettings = {
				ASSETCATALOG_COMPILER_APPICON_NAME = AppIcon;
				ASSETCATALOG_COMPILER_GLOBAL_ACCENT_COLOR_NAME = AccentColor;
				CODE_SIGN_STYLE = Automatic;
				INFOPLIST_FILE = LocationsAndNotes/Info.plist;
				LD_RUNPATH_SEARCH_PATHS = (
					"$(inherited)",
					"@executable_path/Frameworks",
				);
				PRODUCT_BUNDLE_IDENTIFIER = my.LocationsAndNotes;
				PRODUCT_NAME = "$(TARGET_NAME)";
				SWIFT_VERSION = 5.0;
				TARGETED_DEVICE_FAMILY = "1,2";
			};
			name = Release;
		};
		C4D1E2032635A85C0031AEFD /* Debug */ = {
			isa = XCBuildConfiguration;
			buildSettings = {
				ALWAYS_EMBED_SWIFT_STANDARD_LIBRARIES = YES;
				BUNDLE_LOADER = "$(TEST_HOST)";
				CODE_SIGN_STYLE = Automatic;
				INFOPLIST_FILE = LocationsAndNotesTests/Info.plist;
				IPHONEOS_DEPLOYMENT_TARGET = 14.4;
				LD_RUNPATH_SEARCH_PATHS = (
					"$(inherited)",
					"@executable_path/Frameworks",
					"@loader_path/Frameworks",
				);
				PRODUCT_BUNDLE_IDENTIFIER = my.LocationsAndNotesTests;
				PRODUCT_NAME = "$(TARGET_NAME)";
				SWIFT_VERSION = 5.0;
				TARGETED_DEVICE_FAMILY = "1,2";
				TEST_HOST = "$(BUILT_PRODUCTS_DIR)/LocationsAndNotes.app/LocationsAndNotes";
			};
			name = Debug;
		};
		C4D1E2042635A85C0031AEFD /* Release */ = {
			isa = XCBuildConfiguration;
			buildSettings = {
				ALWAYS_EMBED_SWIFT_STANDARD_LIBRARIES = YES;
				BUNDLE_LOADER = "$(TEST_HOST)";
				CODE_SIGN_STYLE = Automatic;
				INFOPLIST_FILE = LocationsAndNotesTests/Info.plist;
				IPHONEOS_DEPLOYMENT_TARGET = 14.4;
				LD_RUNPATH_SEARCH_PATHS = (
					"$(inherited)",
					"@executable_path/Frameworks",
					"@loader_path/Frameworks",
				);
				PRODUCT_BUNDLE_IDENTIFIER = my.LocationsAndNotesTests;
				PRODUCT_NAME = "$(TARGET_NAME)";
				SWIFT_VERSION = 5.0;
				TARGETED_DEVICE_FAMILY = "1,2";
				TEST_HOST = "$(BUILT_PRODUCTS_DIR)/LocationsAndNotes.app/LocationsAndNotes";
			};
			name = Release;
		};
		C4D1E2062635A85C0031AEFD /* Debug */ = {
			isa = XCBuildConfiguration;
			buildSettings = {
				ALWAYS_EMBED_SWIFT_STANDARD_LIBRARIES = YES;
				CODE_SIGN_STYLE = Automatic;
				INFOPLIST_FILE = LocationsAndNotesUITests/Info.plist;
				LD_RUNPATH_SEARCH_PATHS = (
					"$(inherited)",
					"@executable_path/Frameworks",
					"@loader_path/Frameworks",
				);
				PRODUCT_BUNDLE_IDENTIFIER = my.LocationsAndNotesUITests;
				PRODUCT_NAME = "$(TARGET_NAME)";
				SWIFT_VERSION = 5.0;
				TARGETED_DEVICE_FAMILY = "1,2";
				TEST_TARGET_NAME = LocationsAndNotes;
			};
			name = Debug;
		};
		C4D1E2072635A85C0031AEFD /* Release */ = {
			isa = XCBuildConfiguration;
			buildSettings = {
				ALWAYS_EMBED_SWIFT_STANDARD_LIBRARIES = YES;
				CODE_SIGN_STYLE = Automatic;
				INFOPLIST_FILE = LocationsAndNotesUITests/Info.plist;
				LD_RUNPATH_SEARCH_PATHS = (
					"$(inherited)",
					"@executable_path/Frameworks",
					"@loader_path/Frameworks",
				);
				PRODUCT_BUNDLE_IDENTIFIER = my.LocationsAndNotesUITests;
				PRODUCT_NAME = "$(TARGET_NAME)";
				SWIFT_VERSION = 5.0;
				TARGETED_DEVICE_FAMILY = "1,2";
				TEST_TARGET_NAME = LocationsAndNotes;
			};
			name = Release;
		};
/* End XCBuildConfiguration section */

/* Begin XCConfigurationList section */
		C4D1E1CD2635A8580031AEFD /* Build configuration list for PBXProject "LocationsAndNotes" */ = {
			isa = XCConfigurationList;
			buildConfigurations = (
				C4D1E1FD2635A85C0031AEFD /* Debug */,
				C4D1E1FE2635A85C0031AEFD /* Release */,
			);
			defaultConfigurationIsVisible = 0;
			defaultConfigurationName = Release;
		};
		C4D1E1FF2635A85C0031AEFD /* Build configuration list for PBXNativeTarget "LocationsAndNotes" */ = {
			isa = XCConfigurationList;
			buildConfigurations = (
				C4D1E2002635A85C0031AEFD /* Debug */,
				C4D1E2012635A85C0031AEFD /* Release */,
			);
			defaultConfigurationIsVisible = 0;
			defaultConfigurationName = Release;
		};
		C4D1E2022635A85C0031AEFD /* Build configuration list for PBXNativeTarget "LocationsAndNotesTests" */ = {
			isa = XCConfigurationList;
			buildConfigurations = (
				C4D1E2032635A85C0031AEFD /* Debug */,
				C4D1E2042635A85C0031AEFD /* Release */,
			);
			defaultConfigurationIsVisible = 0;
			defaultConfigurationName = Release;
		};
		C4D1E2052635A85C0031AEFD /* Build configuration list for PBXNativeTarget "LocationsAndNotesUITests" */ = {
			isa = XCConfigurationList;
			buildConfigurations = (
				C4D1E2062635A85C0031AEFD /* Debug */,
				C4D1E2072635A85C0031AEFD /* Release */,
			);
			defaultConfigurationIsVisible = 0;
			defaultConfigurationName = Release;
		};
/* End XCConfigurationList section */

/* Begin XCVersionGroup section */
		C4D1E1DE2635A8590031AEFD /* LocationsAndNotes.xcdatamodeld */ = {
			isa = XCVersionGroup;
			children = (
				C4D1E1DF2635A8590031AEFD /* LocationsAndNotes.xcdatamodel */,
			);
			currentVersion = C4D1E1DF2635A8590031AEFD /* LocationsAndNotes.xcdatamodel */;
			path = LocationsAndNotes.xcdatamodeld;
			sourceTree = "<group>";
			versionGroupType = wrapper.xcdatamodel;
		};
/* End XCVersionGroup section */
	};
	rootObject = C4D1E1CA2635A8580031AEFD /* Project object */;
}
