// !$*UTF8*$!
{
	archiveVersion = 1;
	classes = {
	};
	objectVersion = 50;
	objects = {

/* Begin PBXBuildFile section */
		C4541F1C263A9EE3000608C7 /* PriceManager.swift in Sources */ = {isa = PBXBuildFile; fileRef = C4541F1B263A9EE3000608C7 /* PriceManager.swift */; };
		C4541F21263AA3BA000608C7 /* StoreManager.swift in Sources */ = {isa = PBXBuildFile; fileRef = C4541F20263AA3BA000608C7 /* StoreManager.swift */; };
		C4541F26263AB6B3000608C7 /* BuyingForm.swift in Sources */ = {isa = PBXBuildFile; fileRef = C4541F25263AB6B3000608C7 /* BuyingForm.swift */; };
		C4541F30263AC67B000608C7 /* Localizable.strings in Resources */ = {isa = PBXBuildFile; fileRef = C4541F2E263AC67B000608C7 /* Localizable.strings */; };
		C4541F35263AC790000608C7 /* LocalizationManager.swift in Sources */ = {isa = PBXBuildFile; fileRef = C4541F34263AC790000608C7 /* LocalizationManager.swift */; };
		C4541F3E263ACF89000608C7 /* InfoPlist.strings in Resources */ = {isa = PBXBuildFile; fileRef = C4541F3C263ACF89000608C7 /* InfoPlist.strings */; };
		C4541F43263B0234000608C7 /* note240.png in Resources */ = {isa = PBXBuildFile; fileRef = C4541F42263B0234000608C7 /* note240.png */; };
		C45835A226382E9400C7E8CF /* SelectFolderViewController.swift in Sources */ = {isa = PBXBuildFile; fileRef = C45835A126382E9400C7E8CF /* SelectFolderViewController.swift */; };
		C45835AB2638426F00C7E8CF /* LocationManager.swift in Sources */ = {isa = PBXBuildFile; fileRef = C45835AA2638426F00C7E8CF /* LocationManager.swift */; };
		C45835B126386F7100C7E8CF /* NoteMapViewController.swift in Sources */ = {isa = PBXBuildFile; fileRef = C45835B026386F7100C7E8CF /* NoteMapViewController.swift */; };
		C4D1E1D62635A8590031AEFD /* AppDelegate.swift in Sources */ = {isa = PBXBuildFile; fileRef = C4D1E1D52635A8590031AEFD /* AppDelegate.swift */; };
		C4D1E1D82635A8590031AEFD /* SceneDelegate.swift in Sources */ = {isa = PBXBuildFile; fileRef = C4D1E1D72635A8590031AEFD /* SceneDelegate.swift */; };
		C4D1E1DA2635A8590031AEFD /* MapViewController.swift in Sources */ = {isa = PBXBuildFile; fileRef = C4D1E1D92635A8590031AEFD /* MapViewController.swift */; };
		C4D1E1E02635A8590031AEFD /* LocationsAndNotes.xcdatamodeld in Sources */ = {isa = PBXBuildFile; fileRef = C4D1E1DE2635A8590031AEFD /* LocationsAndNotes.xcdatamodeld */; };
		C4D1E1E22635A85B0031AEFD /* Assets.xcassets in Resources */ = {isa = PBXBuildFile; fileRef = C4D1E1E12635A85B0031AEFD /* Assets.xcassets */; };
		C4D1E1E52635A85B0031AEFD /* LaunchScreen.storyboard in Resources */ = {isa = PBXBuildFile; fileRef = C4D1E1E32635A85B0031AEFD /* LaunchScreen.storyboard */; };
		C4D1E1F02635A85C0031AEFD /* LocationsAndNotesTests.swift in Sources */ = {isa = PBXBuildFile; fileRef = C4D1E1EF2635A85C0031AEFD /* LocationsAndNotesTests.swift */; };
		C4D1E1FB2635A85C0031AEFD /* LocationsAndNotesUITests.swift in Sources */ = {isa = PBXBuildFile; fileRef = C4D1E1FA2635A85C0031AEFD /* LocationsAndNotesUITests.swift */; };
		C4D1E20F2635AA6E0031AEFD /* TabBarController.swift in Sources */ = {isa = PBXBuildFile; fileRef = C4D1E20E2635AA6E0031AEFD /* TabBarController.swift */; };
		C4D1E21C2635B5A40031AEFD /* Folder+CoreDataClass.swift in Sources */ = {isa = PBXBuildFile; fileRef = C4D1E2142635B5A40031AEFD /* Folder+CoreDataClass.swift */; };
		C4D1E21D2635B5A40031AEFD /* Folder+CoreDataProperties.swift in Sources */ = {isa = PBXBuildFile; fileRef = C4D1E2152635B5A40031AEFD /* Folder+CoreDataProperties.swift */; };
		C4D1E21E2635B5A40031AEFD /* Note+CoreDataClass.swift in Sources */ = {isa = PBXBuildFile; fileRef = C4D1E2162635B5A40031AEFD /* Note+CoreDataClass.swift */; };
		C4D1E21F2635B5A40031AEFD /* Note+CoreDataProperties.swift in Sources */ = {isa = PBXBuildFile; fileRef = C4D1E2172635B5A40031AEFD /* Note+CoreDataProperties.swift */; };
		C4D1E2202635B5A40031AEFD /* ImageNote+CoreDataClass.swift in Sources */ = {isa = PBXBuildFile; fileRef = C4D1E2182635B5A40031AEFD /* ImageNote+CoreDataClass.swift */; };
		C4D1E2212635B5A40031AEFD /* ImageNote+CoreDataProperties.swift in Sources */ = {isa = PBXBuildFile; fileRef = C4D1E2192635B5A40031AEFD /* ImageNote+CoreDataProperties.swift */; };
		C4D1E2222635B5A40031AEFD /* Location+CoreDataClass.swift in Sources */ = {isa = PBXBuildFile; fileRef = C4D1E21A2635B5A40031AEFD /* Location+CoreDataClass.swift */; };
		C4D1E2232635B5A40031AEFD /* Location+CoreDataProperties.swift in Sources */ = {isa = PBXBuildFile; fileRef = C4D1E21B2635B5A40031AEFD /* Location+CoreDataProperties.swift */; };
		C4D1E22B2635B7960031AEFD /* CoreDataManager.swift in Sources */ = {isa = PBXBuildFile; fileRef = C4D1E22A2635B7960031AEFD /* CoreDataManager.swift */; };
		C4D1E2372635C9610031AEFD /* FoldersController.swift in Sources */ = {isa = PBXBuildFile; fileRef = C4D1E2362635C9610031AEFD /* FoldersController.swift */; };
		C4DCAD712636B6520086146E /* FolderController.swift in Sources */ = {isa = PBXBuildFile; fileRef = C4DCAD702636B6520086146E /* FolderController.swift */; };
		C4DCAD7A2636C2EF0086146E /* NoteController.swift in Sources */ = {isa = PBXBuildFile; fileRef = C4DCAD792636C2EF0086146E /* NoteController.swift */; };
		C4DCAD882636C70A0086146E /* NoteView.swift in Sources */ = {isa = PBXBuildFile; fileRef = C4DCAD872636C70A0086146E /* NoteView.swift */; };
		C4DCAD90263715520086146E /* FolderTableViewCell.swift in Sources */ = {isa = PBXBuildFile; fileRef = C4DCAD8F263715520086146E /* FolderTableViewCell.swift */; };
/* End PBXBuildFile section */

/* Begin PBXContainerItemProxy section */
		C4D1E1EC2635A85C0031AEFD /* PBXContainerItemProxy */ = {
			isa = PBXContainerItemProxy;
			containerPortal = C4D1E1CA2635A8580031AEFD /* Project object */;
			proxyType = 1;
			remoteGlobalIDString = C4D1E1D12635A8590031AEFD;
			remoteInfo = LocationsAndNotes;
		};
		C4D1E1F72635A85C0031AEFD /* PBXContainerItemProxy */ = {
			isa = PBXContainerItemProxy;
			containerPortal = C4D1E1CA2635A8580031AEFD /* Project object */;
			proxyType = 1;
			remoteGlobalIDString = C4D1E1D12635A8590031AEFD;
			remoteInfo = LocationsAndNotes;
		};
/* End PBXContainerItemProxy section */

/* Begin PBXFileReference section */
		C4541F1B263A9EE3000608C7 /* PriceManager.swift */ = {isa = PBXFileReference; lastKnownFileType = sourcecode.swift; path = PriceManager.swift; sourceTree = "<group>"; };
		C4541F20263AA3BA000608C7 /* StoreManager.swift */ = {isa = PBXFileReference; lastKnownFileType = sourcecode.swift; path = StoreManager.swift; sourceTree = "<group>"; };
		C4541F25263AB6B3000608C7 /* BuyingForm.swift */ = {isa = PBXFileReference; lastKnownFileType = sourcecode.swift; path = BuyingForm.swift; sourceTree = "<group>"; };
		C4541F2A263AC4A3000608C7 /* ru */ = {isa = PBXFileReference; lastKnownFileType = text.plist.strings; name = ru; path = ru.lproj/LaunchScreen.strings; sourceTree = "<group>"; };
		C4541F2F263AC67B000608C7 /* ru */ = {isa = PBXFileReference; lastKnownFileType = text.plist.strings; name = ru; path = LocationsAndNotes/ru.lproj/Localizable.strings; sourceTree = SOURCE_ROOT; };
		C4541F34263AC790000608C7 /* LocalizationManager.swift */ = {isa = PBXFileReference; lastKnownFileType = sourcecode.swift; path = LocalizationManager.swift; sourceTree = "<group>"; };
		C4541F3D263ACF89000608C7 /* ru */ = {isa = PBXFileReference; lastKnownFileType = text.plist.strings; name = ru; path = LocationsAndNotes/ru.lproj/InfoPlist.strings; sourceTree = SOURCE_ROOT; };
		C4541F42263B0234000608C7 /* note240.png */ = {isa = PBXFileReference; lastKnownFileType = image.png; name = note240.png; path = ../../../../Downloads/note240.png; sourceTree = "<group>"; };
		C45835A126382E9400C7E8CF /* SelectFolderViewController.swift */ = {isa = PBXFileReference; lastKnownFileType = sourcecode.swift; path = SelectFolderViewController.swift; sourceTree = "<group>"; };
		C45835AA2638426F00C7E8CF /* LocationManager.swift */ = {isa = PBXFileReference; lastKnownFileType = sourcecode.swift; path = LocationManager.swift; sourceTree = "<group>"; };
		C45835B026386F7100C7E8CF /* NoteMapViewController.swift */ = {isa = PBXFileReference; lastKnownFileType = sourcecode.swift; path = NoteMapViewController.swift; sourceTree = "<group>"; };
		C4D1E1D22635A8590031AEFD /* LocationsAndNotes.app */ = {isa = PBXFileReference; explicitFileType = wrapper.application; includeInIndex = 0; path = LocationsAndNotes.app; sourceTree = BUILT_PRODUCTS_DIR; };
		C4D1E1D52635A8590031AEFD /* AppDelegate.swift */ = {isa = PBXFileReference; lastKnownFileType = sourcecode.swift; path = AppDelegate.swift; sourceTree = "<group>"; };
		C4D1E1D72635A8590031AEFD /* SceneDelegate.swift */ = {isa = PBXFileReference; lastKnownFileType = sourcecode.swift; path = SceneDelegate.swift; sourceTree = "<group>"; };
		C4D1E1D92635A8590031AEFD /* MapViewController.swift */ = {isa = PBXFileReference; lastKnownFileType = sourcecode.swift; path = MapViewController.swift; sourceTree = "<group>"; };
		C4D1E1DF2635A8590031AEFD /* LocationsAndNotes.xcdatamodel */ = {isa = PBXFileReference; lastKnownFileType = wrapper.xcdatamodel; path = LocationsAndNotes.xcdatamodel; sourceTree = "<group>"; };
		C4D1E1E12635A85B0031AEFD /* Assets.xcassets */ = {isa = PBXFileReference; lastKnownFileType = folder.assetcatalog; path = Assets.xcassets; sourceTree = "<group>"; };
		C4D1E1E42635A85B0031AEFD /* Base */ = {isa = PBXFileReference; lastKnownFileType = file.storyboard; name = Base; path = Base.lproj/LaunchScreen.storyboard; sourceTree = "<group>"; };
		C4D1E1E62635A85B0031AEFD /* Info.plist */ = {isa = PBXFileReference; lastKnownFileType = text.plist.xml; path = Info.plist; sourceTree = "<group>"; };
		C4D1E1EB2635A85C0031AEFD /* LocationsAndNotesTests.xctest */ = {isa = PBXFileReference; explicitFileType = wrapper.cfbundle; includeInIndex = 0; path = LocationsAndNotesTests.xctest; sourceTree = BUILT_PRODUCTS_DIR; };
		C4D1E1EF2635A85C0031AEFD /* LocationsAndNotesTests.swift */ = {isa = PBXFileReference; lastKnownFileType = sourcecode.swift; path = LocationsAndNotesTests.swift; sourceTree = "<group>"; };
		C4D1E1F12635A85C0031AEFD /* Info.plist */ = {isa = PBXFileReference; lastKnownFileType = text.plist.xml; path = Info.plist; sourceTree = "<group>"; };
		C4D1E1F62635A85C0031AEFD /* LocationsAndNotesUITests.xctest */ = {isa = PBXFileReference; explicitFileType = wrapper.cfbundle; includeInIndex = 0; path = LocationsAndNotesUITests.xctest; sourceTree = BUILT_PRODUCTS_DIR; };
		C4D1E1FA2635A85C0031AEFD /* LocationsAndNotesUITests.swift */ = {isa = PBXFileReference; lastKnownFileType = sourcecode.swift; path = LocationsAndNotesUITests.swift; sourceTree = "<group>"; };
		C4D1E1FC2635A85C0031AEFD /* Info.plist */ = {isa = PBXFileReference; lastKnownFileType = text.plist.xml; path = Info.plist; sourceTree = "<group>"; };
		C4D1E20E2635AA6E0031AEFD /* TabBarController.swift */ = {isa = PBXFileReference; lastKnownFileType = sourcecode.swift; path = TabBarController.swift; sourceTree = "<group>"; };
		C4D1E2142635B5A40031AEFD /* Folder+CoreDataClass.swift */ = {isa = PBXFileReference; lastKnownFileType = sourcecode.swift; path = "Folder+CoreDataClass.swift"; sourceTree = "<group>"; };
		C4D1E2152635B5A40031AEFD /* Folder+CoreDataProperties.swift */ = {isa = PBXFileReference; lastKnownFileType = sourcecode.swift; path = "Folder+CoreDataProperties.swift"; sourceTree = "<group>"; };
		C4D1E2162635B5A40031AEFD /* Note+CoreDataClass.swift */ = {isa = PBXFileReference; lastKnownFileType = sourcecode.swift; path = "Note+CoreDataClass.swift"; sourceTree = "<group>"; };
		C4D1E2172635B5A40031AEFD /* Note+CoreDataProperties.swift */ = {isa = PBXFileReference; lastKnownFileType = sourcecode.swift; path = "Note+CoreDataProperties.swift"; sourceTree = "<group>"; };
		C4D1E2182635B5A40031AEFD /* ImageNote+CoreDataClass.swift */ = {isa = PBXFileReference; lastKnownFileType = sourcecode.swift; path = "ImageNote+CoreDataClass.swift"; sourceTree = "<group>"; };
		C4D1E2192635B5A40031AEFD /* ImageNote+CoreDataProperties.swift */ = {isa = PBXFileReference; lastKnownFileType = sourcecode.swift; path = "ImageNote+CoreDataProperties.swift"; sourceTree = "<group>"; };
		C4D1E21A2635B5A40031AEFD /* Location+CoreDataClass.swift */ = {isa = PBXFileReference; lastKnownFileType = sourcecode.swift; path = "Location+CoreDataClass.swift"; sourceTree = "<group>"; };
		C4D1E21B2635B5A40031AEFD /* Location+CoreDataProperties.swift */ = {isa = PBXFileReference; lastKnownFileType = sourcecode.swift; path = "Location+CoreDataProperties.swift"; sourceTree = "<group>"; };
		C4D1E22A2635B7960031AEFD /* CoreDataManager.swift */ = {isa = PBXFileReference; lastKnownFileType = sourcecode.swift; path = CoreDataManager.swift; sourceTree = "<group>"; };
		C4D1E2362635C9610031AEFD /* FoldersController.swift */ = {isa = PBXFileReference; lastKnownFileType = sourcecode.swift; path = FoldersController.swift; sourceTree = "<group>"; };
		C4DCAD702636B6520086146E /* FolderController.swift */ = {isa = PBXFileReference; lastKnownFileType = sourcecode.swift; path = FolderController.swift; sourceTree = "<group>"; };
		C4DCAD792636C2EF0086146E /* NoteController.swift */ = {isa = PBXFileReference; lastKnownFileType = sourcecode.swift; path = NoteController.swift; sourceTree = "<group>"; };
		C4DCAD872636C70A0086146E /* NoteView.swift */ = {isa = PBXFileReference; lastKnownFileType = sourcecode.swift; path = NoteView.swift; sourceTree = "<group>"; };
		C4DCAD8F263715520086146E /* FolderTableViewCell.swift */ = {isa = PBXFileReference; lastKnownFileType = sourcecode.swift; path = FolderTableViewCell.swift; sourceTree = "<group>"; };
/* End PBXFileReference section */

/* Begin PBXFrameworksBuildPhase section */
		C4D1E1CF2635A8590031AEFD /* Frameworks */ = {
			isa = PBXFrameworksBuildPhase;
			buildActionMask = 2147483647;
			files = (
			);
			runOnlyForDeploymentPostprocessing = 0;
		};
		C4D1E1E82635A85C0031AEFD /* Frameworks */ = {
			isa = PBXFrameworksBuildPhase;
			buildActionMask = 2147483647;
			files = (
			);
			runOnlyForDeploymentPostprocessing = 0;
		};
		C4D1E1F32635A85C0031AEFD /* Frameworks */ = {
			isa = PBXFrameworksBuildPhase;
			buildActionMask = 2147483647;
			files = (
			);
			runOnlyForDeploymentPostprocessing = 0;
		};
/* End PBXFrameworksBuildPhase section */

/* Begin PBXGroup section */
		C45835A62638424500C7E8CF /* Models */ = {
			isa = PBXGroup;
			children = (
				C4D1E2132635B54D0031AEFD /* CoreDataModel */,
				C45835AA2638426F00C7E8CF /* LocationManager.swift */,
				C4541F1B263A9EE3000608C7 /* PriceManager.swift */,
				C4541F20263AA3BA000608C7 /* StoreManager.swift */,
				C4541F34263AC790000608C7 /* LocalizationManager.swift */,
			);
			path = Models;
			sourceTree = "<group>";
		};
		C45835AF26386F5700C7E8CF /* Map */ = {
			isa = PBXGroup;
			children = (
				C45835B026386F7100C7E8CF /* NoteMapViewController.swift */,
				C4D1E1D92635A8590031AEFD /* MapViewController.swift */,
			);
			path = Map;
			sourceTree = "<group>";
		};
		C4D1E1C92635A8580031AEFD = {
			isa = PBXGroup;
			children = (
				C4D1E1D42635A8590031AEFD /* LocationsAndNotes */,
				C4D1E1EE2635A85C0031AEFD /* LocationsAndNotesTests */,
				C4D1E1F92635A85C0031AEFD /* LocationsAndNotesUITests */,
				C4D1E1D32635A8590031AEFD /* Products */,
			);
			sourceTree = "<group>";
		};
		C4D1E1D32635A8590031AEFD /* Products */ = {
			isa = PBXGroup;
			children = (
				C4D1E1D22635A8590031AEFD /* LocationsAndNotes.app */,
				C4D1E1EB2635A85C0031AEFD /* LocationsAndNotesTests.xctest */,
				C4D1E1F62635A85C0031AEFD /* LocationsAndNotesUITests.xctest */,
			);
			name = Products;
			sourceTree = "<group>";
		};
		C4D1E1D42635A8590031AEFD /* LocationsAndNotes */ = {
			isa = PBXGroup;
			children = (
				C45835AF26386F5700C7E8CF /* Map */,
				C45835A62638424500C7E8CF /* Models */,
				C4DCAD782636C2D00086146E /* Notes */,
				C4D1E2322635C80D0031AEFD /* Resourses */,
				C4D1E1D52635A8590031AEFD /* AppDelegate.swift */,
				C4D1E1D72635A8590031AEFD /* SceneDelegate.swift */,
				C4541F25263AB6B3000608C7 /* BuyingForm.swift */,
				C4D1E20E2635AA6E0031AEFD /* TabBarController.swift */,
				C4D1E23B2635D0E80031AEFD /* Folders */,
				C4D1E1E32635A85B0031AEFD /* LaunchScreen.storyboard */,
			);
			path = LocationsAndNotes;
			sourceTree = "<group>";
		};
		C4D1E1EE2635A85C0031AEFD /* LocationsAndNotesTests */ = {
			isa = PBXGroup;
			children = (
				C4D1E1EF2635A85C0031AEFD /* LocationsAndNotesTests.swift */,
				C4D1E1F12635A85C0031AEFD /* Info.plist */,
			);
			path = LocationsAndNotesTests;
			sourceTree = "<group>";
		};
		C4D1E1F92635A85C0031AEFD /* LocationsAndNotesUITests */ = {
			isa = PBXGroup;
			children = (
				C4D1E1FA2635A85C0031AEFD /* LocationsAndNotesUITests.swift */,
				C4D1E1FC2635A85C0031AEFD /* Info.plist */,
			);
			path = LocationsAndNotesUITests;
			sourceTree = "<group>";
		};
		C4D1E2132635B54D0031AEFD /* CoreDataModel */ = {
			isa = PBXGroup;
			children = (
				C4D1E22A2635B7960031AEFD /* CoreDataManager.swift */,
				C4D1E1DE2635A8590031AEFD /* LocationsAndNotes.xcdatamodeld */,
				C4D1E2142635B5A40031AEFD /* Folder+CoreDataClass.swift */,
				C4D1E2152635B5A40031AEFD /* Folder+CoreDataProperties.swift */,
				C4D1E2162635B5A40031AEFD /* Note+CoreDataClass.swift */,
				C4D1E2172635B5A40031AEFD /* Note+CoreDataProperties.swift */,
				C4D1E2182635B5A40031AEFD /* ImageNote+CoreDataClass.swift */,
				C4D1E2192635B5A40031AEFD /* ImageNote+CoreDataProperties.swift */,
				C4D1E21A2635B5A40031AEFD /* Location+CoreDataClass.swift */,
				C4D1E21B2635B5A40031AEFD /* Location+CoreDataProperties.swift */,
			);
			path = CoreDataModel;
			sourceTree = "<group>";
		};
		C4D1E2322635C80D0031AEFD /* Resourses */ = {
			isa = PBXGroup;
			children = (
				C4D1E1E12635A85B0031AEFD /* Assets.xcassets */,
				C4541F42263B0234000608C7 /* note240.png */,
				C4D1E1E62635A85B0031AEFD /* Info.plist */,
				C4541F2E263AC67B000608C7 /* Localizable.strings */,
				C4541F3C263ACF89000608C7 /* InfoPlist.strings */,
			);
			path = Resourses;
			sourceTree = "<group>";
		};
		C4D1E23B2635D0E80031AEFD /* Folders */ = {
			isa = PBXGroup;
			children = (
				C4D1E2362635C9610031AEFD /* FoldersController.swift */,
				C4DCAD702636B6520086146E /* FolderController.swift */,
				C4DCAD8F263715520086146E /* FolderTableViewCell.swift */,
			);
			path = Folders;
			sourceTree = "<group>";
		};
		C4DCAD782636C2D00086146E /* Notes */ = {
			isa = PBXGroup;
			children = (
				C4DCAD7E2636C4FE0086146E /* View */,
				C4DCAD792636C2EF0086146E /* NoteController.swift */,
				C45835A126382E9400C7E8CF /* SelectFolderViewController.swift */,
			);
			path = Notes;
			sourceTree = "<group>";
		};
		C4DCAD7E2636C4FE0086146E /* View */ = {
			isa = PBXGroup;
			children = (
				C4DCAD872636C70A0086146E /* NoteView.swift */,
			);
			path = View;
			sourceTree = "<group>";
		};
/* End PBXGroup section */

/* Begin PBXNativeTarget section */
		C4D1E1D12635A8590031AEFD /* LocationsAndNotes */ = {
			isa = PBXNativeTarget;
			buildConfigurationList = C4D1E1FF2635A85C0031AEFD /* Build configuration list for PBXNativeTarget "LocationsAndNotes" */;
			buildPhases = (
				C4D1E1CE2635A8590031AEFD /* Sources */,
				C4D1E1CF2635A8590031AEFD /* Frameworks */,
				C4D1E1D02635A8590031AEFD /* Resources */,
			);
			buildRules = (
			);
			dependencies = (
			);
			name = LocationsAndNotes;
			productName = LocationsAndNotes;
			productReference = C4D1E1D22635A8590031AEFD /* LocationsAndNotes.app */;
			productType = "com.apple.product-type.application";
		};
		C4D1E1EA2635A85C0031AEFD /* LocationsAndNotesTests */ = {
			isa = PBXNativeTarget;
			buildConfigurationList = C4D1E2022635A85C0031AEFD /* Build configuration list for PBXNativeTarget "LocationsAndNotesTests" */;
			buildPhases = (
				C4D1E1E72635A85C0031AEFD /* Sources */,
				C4D1E1E82635A85C0031AEFD /* Frameworks */,
				C4D1E1E92635A85C0031AEFD /* Resources */,
			);
			buildRules = (
			);
			dependencies = (
				C4D1E1ED2635A85C0031AEFD /* PBXTargetDependency */,
			);
			name = LocationsAndNotesTests;
			productName = LocationsAndNotesTests;
			productReference = C4D1E1EB2635A85C0031AEFD /* LocationsAndNotesTests.xctest */;
			productType = "com.apple.product-type.bundle.unit-test";
		};
		C4D1E1F52635A85C0031AEFD /* LocationsAndNotesUITests */ = {
			isa = PBXNativeTarget;
			buildConfigurationList = C4D1E2052635A85C0031AEFD /* Build configuration list for PBXNativeTarget "LocationsAndNotesUITests" */;
			buildPhases = (
				C4D1E1F22635A85C0031AEFD /* Sources */,
				C4D1E1F32635A85C0031AEFD /* Frameworks */,
				C4D1E1F42635A85C0031AEFD /* Resources */,
			);
			buildRules = (
			);
			dependencies = (
				C4D1E1F82635A85C0031AEFD /* PBXTargetDependency */,
			);
			name = LocationsAndNotesUITests;
			productName = LocationsAndNotesUITests;
			productReference = C4D1E1F62635A85C0031AEFD /* LocationsAndNotesUITests.xctest */;
			productType = "com.apple.product-type.bundle.ui-testing";
		};
/* End PBXNativeTarget section */

/* Begin PBXProject section */
		C4D1E1CA2635A8580031AEFD /* Project object */ = {
			isa = PBXProject;
			attributes = {
				LastSwiftUpdateCheck = 1240;
				LastUpgradeCheck = 1240;
				TargetAttributes = {
					C4D1E1D12635A8590031AEFD = {
						CreatedOnToolsVersion = 12.4;
					};
					C4D1E1EA2635A85C0031AEFD = {
						CreatedOnToolsVersion = 12.4;
						TestTargetID = C4D1E1D12635A8590031AEFD;
					};
					C4D1E1F52635A85C0031AEFD = {
						CreatedOnToolsVersion = 12.4;
						TestTargetID = C4D1E1D12635A8590031AEFD;
					};
				};
			};
			buildConfigurationList = C4D1E1CD2635A8580031AEFD /* Build configuration list for PBXProject "LocationsAndNotes" */;
			compatibilityVersion = "Xcode 9.3";
			developmentRegion = en;
			hasScannedForEncodings = 0;
			knownRegions = (
				en,
				Base,
				ru,
			);
			mainGroup = C4D1E1C92635A8580031AEFD;
			productRefGroup = C4D1E1D32635A8590031AEFD /* Products */;
			projectDirPath = "";
			projectRoot = "";
			targets = (
				C4D1E1D12635A8590031AEFD /* LocationsAndNotes */,
				C4D1E1EA2635A85C0031AEFD /* LocationsAndNotesTests */,
				C4D1E1F52635A85C0031AEFD /* LocationsAndNotesUITests */,
			);
		};
/* End PBXProject section */

/* Begin PBXResourcesBuildPhase section */
		C4D1E1D02635A8590031AEFD /* Resources */ = {
			isa = PBXResourcesBuildPhase;
			buildActionMask = 2147483647;
			files = (
				C4541F30263AC67B000608C7 /* Localizable.strings in Resources */,
				C4541F43263B0234000608C7 /* note240.png in Resources */,
				C4541F3E263ACF89000608C7 /* InfoPlist.strings in Resources */,
				C4D1E1E52635A85B0031AEFD /* LaunchScreen.storyboard in Resources */,
				C4D1E1E22635A85B0031AEFD /* Assets.xcassets in Resources */,
			);
			runOnlyForDeploymentPostprocessing = 0;
		};
		C4D1E1E92635A85C0031AEFD /* Resources */ = {
			isa = PBXResourcesBuildPhase;
			buildActionMask = 2147483647;
			files = (
			);
			runOnlyForDeploymentPostprocessing = 0;
		};
		C4D1E1F42635A85C0031AEFD /* Resources */ = {
			isa = PBXResourcesBuildPhase;
			buildActionMask = 2147483647;
			files = (
			);
			runOnlyForDeploymentPostprocessing = 0;
		};
/* End PBXResourcesBuildPhase section */

/* Begin PBXSourcesBuildPhase section */
		C4D1E1CE2635A8590031AEFD /* Sources */ = {
			isa = PBXSourcesBuildPhase;
			buildActionMask = 2147483647;
			files = (
				C4D1E2222635B5A40031AEFD /* Location+CoreDataClass.swift in Sources */,
				C4D1E1DA2635A8590031AEFD /* MapViewController.swift in Sources */,
				C4541F21263AA3BA000608C7 /* StoreManager.swift in Sources */,
				C4D1E21D2635B5A40031AEFD /* Folder+CoreDataProperties.swift in Sources */,
				C4541F1C263A9EE3000608C7 /* PriceManager.swift in Sources */,
				C4541F26263AB6B3000608C7 /* BuyingForm.swift in Sources */,
				C45835A226382E9400C7E8CF /* SelectFolderViewController.swift in Sources */,
				C4D1E1D62635A8590031AEFD /* AppDelegate.swift in Sources */,
				C4D1E2232635B5A40031AEFD /* Location+CoreDataProperties.swift in Sources */,
				C4D1E1E02635A8590031AEFD /* LocationsAndNotes.xcdatamodeld in Sources */,
				C4541F35263AC790000608C7 /* LocalizationManager.swift in Sources */,
				C4DCAD712636B6520086146E /* FolderController.swift in Sources */,
				C4DCAD7A2636C2EF0086146E /* NoteController.swift in Sources */,
				C45835B126386F7100C7E8CF /* NoteMapViewController.swift in Sources */,
				C4D1E20F2635AA6E0031AEFD /* TabBarController.swift in Sources */,
				C4D1E2202635B5A40031AEFD /* ImageNote+CoreDataClass.swift in Sources */,
				C4DCAD90263715520086146E /* FolderTableViewCell.swift in Sources */,
				C4D1E21E2635B5A40031AEFD /* Note+CoreDataClass.swift in Sources */,
				C45835AB2638426F00C7E8CF /* LocationManager.swift in Sources */,
				C4DCAD882636C70A0086146E /* NoteView.swift in Sources */,
				C4D1E2212635B5A40031AEFD /* ImageNote+CoreDataProperties.swift in Sources */,
				C4D1E1D82635A8590031AEFD /* SceneDelegate.swift in Sources */,
				C4D1E21C2635B5A40031AEFD /* Folder+CoreDataClass.swift in Sources */,
				C4D1E22B2635B7960031AEFD /* CoreDataManager.swift in Sources */,
				C4D1E2372635C9610031AEFD /* FoldersController.swift in Sources */,
				C4D1E21F2635B5A40031AEFD /* Note+CoreDataProperties.swift in Sources */,
			);
			runOnlyForDeploymentPostprocessing = 0;
		};
		C4D1E1E72635A85C0031AEFD /* Sources */ = {
			isa = PBXSourcesBuildPhase;
			buildActionMask = 2147483647;
			files = (
				C4D1E1F02635A85C0031AEFD /* LocationsAndNotesTests.swift in Sources */,
			);
			runOnlyForDeploymentPostprocessing = 0;
		};
		C4D1E1F22635A85C0031AEFD /* Sources */ = {
			isa = PBXSourcesBuildPhase;
			buildActionMask = 2147483647;
			files = (
				C4D1E1FB2635A85C0031AEFD /* LocationsAndNotesUITests.swift in Sources */,
			);
			runOnlyForDeploymentPostprocessing = 0;
		};
/* End PBXSourcesBuildPhase section */

/* Begin PBXTargetDependency section */
		C4D1E1ED2635A85C0031AEFD /* PBXTargetDependency */ = {
			isa = PBXTargetDependency;
			target = C4D1E1D12635A8590031AEFD /* LocationsAndNotes */;
			targetProxy = C4D1E1EC2635A85C0031AEFD /* PBXContainerItemProxy */;
		};
		C4D1E1F82635A85C0031AEFD /* PBXTargetDependency */ = {
			isa = PBXTargetDependency;
			target = C4D1E1D12635A8590031AEFD /* LocationsAndNotes */;
			targetProxy = C4D1E1F72635A85C0031AEFD /* PBXContainerItemProxy */;
		};
/* End PBXTargetDependency section */

/* Begin PBXVariantGroup section */
		C4541F2E263AC67B000608C7 /* Localizable.strings */ = {
			isa = PBXVariantGroup;
			children = (
				C4541F2F263AC67B000608C7 /* ru */,
			);
			name = Localizable.strings;
			sourceTree = "<group>";
		};
		C4541F3C263ACF89000608C7 /* InfoPlist.strings */ = {
			isa = PBXVariantGroup;
			children = (
				C4541F3D263ACF89000608C7 /* ru */,
			);
			name = InfoPlist.strings;
			sourceTree = "<group>";
		};
		C4D1E1E32635A85B0031AEFD /* LaunchScreen.storyboard */ = {
			isa = PBXVariantGroup;
			children = (
				C4D1E1E42635A85B0031AEFD /* Base */,
				C4541F2A263AC4A3000608C7 /* ru */,
			);
			name = LaunchScreen.storyboard;
			sourceTree = "<group>";
		};
/* End PBXVariantGroup section */

/* Begin XCBuildConfiguration section */
		C4D1E1FD2635A85C0031AEFD /* Debug */ = {
			isa = XCBuildConfiguration;
			buildSettings = {
				ALWAYS_SEARCH_USER_PATHS = NO;
				CLANG_ANALYZER_LOCALIZABILITY_NONLOCALIZED = YES;
				CLANG_ANALYZER_NONNULL = YES;
				CLANG_ANALYZER_NUMBER_OBJECT_CONVERSION = YES_AGGRESSIVE;
				CLANG_CXX_LANGUAGE_STANDARD = "gnu++14";
				CLANG_CXX_LIBRARY = "libc++";
				CLANG_ENABLE_MODULES = YES;
				CLANG_ENABLE_OBJC_ARC = YES;
				CLANG_ENABLE_OBJC_WEAK = YES;
				CLANG_WARN_BLOCK_CAPTURE_AUTORELEASING = YES;
				CLANG_WARN_BOOL_CONVERSION = YES;
				CLANG_WARN_COMMA = YES;
				CLANG_WARN_CONSTANT_CONVERSION = YES;
				CLANG_WARN_DEPRECATED_OBJC_IMPLEMENTATIONS = YES;
				CLANG_WARN_DIRECT_OBJC_ISA_USAGE = YES_ERROR;
				CLANG_WARN_DOCUMENTATION_COMMENTS = YES;
				CLANG_WARN_EMPTY_BODY = YES;
				CLANG_WARN_ENUM_CONVERSION = YES;
				CLANG_WARN_INFINITE_RECURSION = YES;
				CLANG_WARN_INT_CONVERSION = YES;
				CLANG_WARN_NON_LITERAL_NULL_CONVERSION = YES;
				CLANG_WARN_OBJC_IMPLICIT_RETAIN_SELF = YES;
				CLANG_WARN_OBJC_LITERAL_CONVERSION = YES;
				CLANG_WARN_OBJC_ROOT_CLASS = YES_ERROR;
				CLANG_WARN_QUOTED_INCLUDE_IN_FRAMEWORK_HEADER = YES;
				CLANG_WARN_RANGE_LOOP_ANALYSIS = YES;
				CLANG_WARN_STRICT_PROTOTYPES = YES;
				CLANG_WARN_SUSPICIOUS_MOVE = YES;
				CLANG_WARN_UNGUARDED_AVAILABILITY = YES_AGGRESSIVE;
				CLANG_WARN_UNREACHABLE_CODE = YES;
				CLANG_WARN__DUPLICATE_METHOD_MATCH = YES;
				COPY_PHASE_STRIP = NO;
				DEBUG_INFORMATION_FORMAT = dwarf;
				ENABLE_STRICT_OBJC_MSGSEND = YES;
				ENABLE_TESTABILITY = YES;
				GCC_C_LANGUAGE_STANDARD = gnu11;
				GCC_DYNAMIC_NO_PIC = NO;
				GCC_NO_COMMON_BLOCKS = YES;
				GCC_OPTIMIZATION_LEVEL = 0;
				GCC_PREPROCESSOR_DEFINITIONS = (
					"DEBUG=1",
					"$(inherited)",
				);
				GCC_WARN_64_TO_32_BIT_CONVERSION = YES;
				GCC_WARN_ABOUT_RETURN_TYPE = YES_ERROR;
				GCC_WARN_UNDECLARED_SELECTOR = YES;
				GCC_WARN_UNINITIALIZED_AUTOS = YES_AGGRESSIVE;
				GCC_WARN_UNUSED_FUNCTION = YES;
				GCC_WARN_UNUSED_VARIABLE = YES;
				IPHONEOS_DEPLOYMENT_TARGET = 14.4;
				MTL_ENABLE_DEBUG_INFO = INCLUDE_SOURCE;
				MTL_FAST_MATH = YES;
				ONLY_ACTIVE_ARCH = YES;
				SDKROOT = iphoneos;
				SWIFT_ACTIVE_COMPILATION_CONDITIONS = DEBUG;
				SWIFT_OPTIMIZATION_LEVEL = "-Onone";
			};
			name = Debug;
		};
		C4D1E1FE2635A85C0031AEFD /* Release */ = {
			isa = XCBuildConfiguration;
			buildSettings = {
				ALWAYS_SEARCH_USER_PATHS = NO;
				CLANG_ANALYZER_LOCALIZABILITY_NONLOCALIZED = YES;
				CLANG_ANALYZER_NONNULL = YES;
				CLANG_ANALYZER_NUMBER_OBJECT_CONVERSION = YES_AGGRESSIVE;
				CLANG_CXX_LANGUAGE_STANDARD = "gnu++14";
				CLANG_CXX_LIBRARY = "libc++";
				CLANG_ENABLE_MODULES = YES;
				CLANG_ENABLE_OBJC_ARC = YES;
				CLANG_ENABLE_OBJC_WEAK = YES;
				CLANG_WARN_BLOCK_CAPTURE_AUTORELEASING = YES;
				CLANG_WARN_BOOL_CONVERSION = YES;
				CLANG_WARN_COMMA = YES;
				CLANG_WARN_CONSTANT_CONVERSION = YES;
				CLANG_WARN_DEPRECATED_OBJC_IMPLEMENTATIONS = YES;
				CLANG_WARN_DIRECT_OBJC_ISA_USAGE = YES_ERROR;
				CLANG_WARN_DOCUMENTATION_COMMENTS = YES;
				CLANG_WARN_EMPTY_BODY = YES;
				CLANG_WARN_ENUM_CONVERSION = YES;
				CLANG_WARN_INFINITE_RECURSION = YES;
				CLANG_WARN_INT_CONVERSION = YES;
				CLANG_WARN_NON_LITERAL_NULL_CONVERSION = YES;
				CLANG_WARN_OBJC_IMPLICIT_RETAIN_SELF = YES;
				CLANG_WARN_OBJC_LITERAL_CONVERSION = YES;
				CLANG_WARN_OBJC_ROOT_CLASS = YES_ERROR;
				CLANG_WARN_QUOTED_INCLUDE_IN_FRAMEWORK_HEADER = YES;
				CLANG_WARN_RANGE_LOOP_ANALYSIS = YES;
				CLANG_WARN_STRICT_PROTOTYPES = YES;
				CLANG_WARN_SUSPICIOUS_MOVE = YES;
				CLANG_WARN_UNGUARDED_AVAILABILITY = YES_AGGRESSIVE;
				CLANG_WARN_UNREACHABLE_CODE = YES;
				CLANG_WARN__DUPLICATE_METHOD_MATCH = YES;
				COPY_PHASE_STRIP = NO;
				DEBUG_INFORMATION_FORMAT = "dwarf-with-dsym";
				ENABLE_NS_ASSERTIONS = NO;
				ENABLE_STRICT_OBJC_MSGSEND = YES;
				GCC_C_LANGUAGE_STANDARD = gnu11;
				GCC_NO_COMMON_BLOCKS = YES;
				GCC_WARN_64_TO_32_BIT_CONVERSION = YES;
				GCC_WARN_ABOUT_RETURN_TYPE = YES_ERROR;
				GCC_WARN_UNDECLARED_SELECTOR = YES;
				GCC_WARN_UNINITIALIZED_AUTOS = YES_AGGRESSIVE;
				GCC_WARN_UNUSED_FUNCTION = YES;
				GCC_WARN_UNUSED_VARIABLE = YES;
				IPHONEOS_DEPLOYMENT_TARGET = 14.4;
				MTL_ENABLE_DEBUG_INFO = NO;
				MTL_FAST_MATH = YES;
				SDKROOT = iphoneos;
				SWIFT_COMPILATION_MODE = wholemodule;
				SWIFT_OPTIMIZATION_LEVEL = "-O";
				VALIDATE_PRODUCT = YES;
			};
			name = Release;
		};
		C4D1E2002635A85C0031AEFD /* Debug */ = {
			isa = XCBuildConfiguration;
			buildSettings = {
				ASSETCATALOG_COMPILER_APPICON_NAME = AppIcon;
				ASSETCATALOG_COMPILER_GLOBAL_ACCENT_COLOR_NAME = AccentColor;
				CODE_SIGN_STYLE = Automatic;
				INFOPLIST_FILE = LocationsAndNotes/Resourses/Info.plist;
				LD_RUNPATH_SEARCH_PATHS = (
					"$(inherited)",
					"@executable_path/Frameworks",
				);
				PRODUCT_BUNDLE_IDENTIFIER = my.LocationsAndNotes;
				PRODUCT_NAME = "$(TARGET_NAME)";
				SWIFT_VERSION = 5.0;
				TARGETED_DEVICE_FAMILY = "1,2";
			};
			name = Debug;
		};
		C4D1E2012635A85C0031AEFD /* Release */ = {
			isa = XCBuildConfiguration;
			buildSettings = {
				ASSETCATALOG_COMPILER_APPICON_NAME = AppIcon;
				ASSETCATALOG_COMPILER_GLOBAL_ACCENT_COLOR_NAME = AccentColor;
				CODE_SIGN_STYLE = Automatic;
				INFOPLIST_FILE = LocationsAndNotes/Resourses/Info.plist;
				LD_RUNPATH_SEARCH_PATHS = (
					"$(inherited)",
					"@executable_path/Frameworks",
				);
				PRODUCT_BUNDLE_IDENTIFIER = my.LocationsAndNotes;
				PRODUCT_NAME = "$(TARGET_NAME)";
				SWIFT_VERSION = 5.0;
				TARGETED_DEVICE_FAMILY = "1,2";
			};
			name = Release;
		};
		C4D1E2032635A85C0031AEFD /* Debug */ = {
			isa = XCBuildConfiguration;
			buildSettings = {
				ALWAYS_EMBED_SWIFT_STANDARD_LIBRARIES = YES;
				BUNDLE_LOADER = "$(TEST_HOST)";
				CODE_SIGN_STYLE = Automatic;
				INFOPLIST_FILE = LocationsAndNotesTests/Info.plist;
				IPHONEOS_DEPLOYMENT_TARGET = 14.4;
				LD_RUNPATH_SEARCH_PATHS = (
					"$(inherited)",
					"@executable_path/Frameworks",
					"@loader_path/Frameworks",
				);
				PRODUCT_BUNDLE_IDENTIFIER = my.LocationsAndNotesTests;
				PRODUCT_NAME = "$(TARGET_NAME)";
				SWIFT_VERSION = 5.0;
				TARGETED_DEVICE_FAMILY = "1,2";
				TEST_HOST = "$(BUILT_PRODUCTS_DIR)/LocationsAndNotes.app/LocationsAndNotes";
			};
			name = Debug;
		};
		C4D1E2042635A85C0031AEFD /* Release */ = {
			isa = XCBuildConfiguration;
			buildSettings = {
				ALWAYS_EMBED_SWIFT_STANDARD_LIBRARIES = YES;
				BUNDLE_LOADER = "$(TEST_HOST)";
				CODE_SIGN_STYLE = Automatic;
				INFOPLIST_FILE = LocationsAndNotesTests/Info.plist;
				IPHONEOS_DEPLOYMENT_TARGET = 14.4;
				LD_RUNPATH_SEARCH_PATHS = (
					"$(inherited)",
					"@executable_path/Frameworks",
					"@loader_path/Frameworks",
				);
				PRODUCT_BUNDLE_IDENTIFIER = my.LocationsAndNotesTests;
				PRODUCT_NAME = "$(TARGET_NAME)";
				SWIFT_VERSION = 5.0;
				TARGETED_DEVICE_FAMILY = "1,2";
				TEST_HOST = "$(BUILT_PRODUCTS_DIR)/LocationsAndNotes.app/LocationsAndNotes";
			};
			name = Release;
		};
		C4D1E2062635A85C0031AEFD /* Debug */ = {
			isa = XCBuildConfiguration;
			buildSettings = {
				ALWAYS_EMBED_SWIFT_STANDARD_LIBRARIES = YES;
				CODE_SIGN_STYLE = Automatic;
				INFOPLIST_FILE = LocationsAndNotesUITests/Info.plist;
				LD_RUNPATH_SEARCH_PATHS = (
					"$(inherited)",
					"@executable_path/Frameworks",
					"@loader_path/Frameworks",
				);
				PRODUCT_BUNDLE_IDENTIFIER = my.LocationsAndNotesUITests;
				PRODUCT_NAME = "$(TARGET_NAME)";
				SWIFT_VERSION = 5.0;
				TARGETED_DEVICE_FAMILY = "1,2";
				TEST_TARGET_NAME = LocationsAndNotes;
			};
			name = Debug;
		};
		C4D1E2072635A85C0031AEFD /* Release */ = {
			isa = XCBuildConfiguration;
			buildSettings = {
				ALWAYS_EMBED_SWIFT_STANDARD_LIBRARIES = YES;
				CODE_SIGN_STYLE = Automatic;
				INFOPLIST_FILE = LocationsAndNotesUITests/Info.plist;
				LD_RUNPATH_SEARCH_PATHS = (
					"$(inherited)",
					"@executable_path/Frameworks",
					"@loader_path/Frameworks",
				);
				PRODUCT_BUNDLE_IDENTIFIER = my.LocationsAndNotesUITests;
				PRODUCT_NAME = "$(TARGET_NAME)";
				SWIFT_VERSION = 5.0;
				TARGETED_DEVICE_FAMILY = "1,2";
				TEST_TARGET_NAME = LocationsAndNotes;
			};
			name = Release;
		};
/* End XCBuildConfiguration section */

/* Begin XCConfigurationList section */
		C4D1E1CD2635A8580031AEFD /* Build configuration list for PBXProject "LocationsAndNotes" */ = {
			isa = XCConfigurationList;
			buildConfigurations = (
				C4D1E1FD2635A85C0031AEFD /* Debug */,
				C4D1E1FE2635A85C0031AEFD /* Release */,
			);
			defaultConfigurationIsVisible = 0;
			defaultConfigurationName = Release;
		};
		C4D1E1FF2635A85C0031AEFD /* Build configuration list for PBXNativeTarget "LocationsAndNotes" */ = {
			isa = XCConfigurationList;
			buildConfigurations = (
				C4D1E2002635A85C0031AEFD /* Debug */,
				C4D1E2012635A85C0031AEFD /* Release */,
			);
			defaultConfigurationIsVisible = 0;
			defaultConfigurationName = Release;
		};
		C4D1E2022635A85C0031AEFD /* Build configuration list for PBXNativeTarget "LocationsAndNotesTests" */ = {
			isa = XCConfigurationList;
			buildConfigurations = (
				C4D1E2032635A85C0031AEFD /* Debug */,
				C4D1E2042635A85C0031AEFD /* Release */,
			);
			defaultConfigurationIsVisible = 0;
			defaultConfigurationName = Release;
		};
		C4D1E2052635A85C0031AEFD /* Build configuration list for PBXNativeTarget "LocationsAndNotesUITests" */ = {
			isa = XCConfigurationList;
			buildConfigurations = (
				C4D1E2062635A85C0031AEFD /* Debug */,
				C4D1E2072635A85C0031AEFD /* Release */,
			);
			defaultConfigurationIsVisible = 0;
			defaultConfigurationName = Release;
		};
/* End XCConfigurationList section */

/* Begin XCVersionGroup section */
		C4D1E1DE2635A8590031AEFD /* LocationsAndNotes.xcdatamodeld */ = {
			isa = XCVersionGroup;
			children = (
				C4D1E1DF2635A8590031AEFD /* LocationsAndNotes.xcdatamodel */,
			);
			currentVersion = C4D1E1DF2635A8590031AEFD /* LocationsAndNotes.xcdatamodel */;
			path = LocationsAndNotes.xcdatamodeld;
			sourceTree = "<group>";
			versionGroupType = wrapper.xcdatamodel;
		};
/* End XCVersionGroup section */
	};
	rootObject = C4D1E1CA2635A8580031AEFD /* Project object */;
}
